// !$*UTF8*$!
{
	archiveVersion = 1;
	classes = {
	};
	objectVersion = 77;
	objects = {

/* Begin PBXContainerItemProxy section */
		FB7F90302EB646DD00091241 /* PBXContainerItemProxy */ = {
			isa = PBXContainerItemProxy;
			containerPortal = FB7F901A2EB646DB00091241 /* Project object */;
			proxyType = 1;
			remoteGlobalIDString = FB7F90212EB646DB00091241;
			remoteInfo = SwiftPolipostres;
		};
		FB7F903A2EB646DD00091241 /* PBXContainerItemProxy */ = {
			isa = PBXContainerItemProxy;
			containerPortal = FB7F901A2EB646DB00091241 /* Project object */;
			proxyType = 1;
			remoteGlobalIDString = FB7F90212EB646DB00091241;
			remoteInfo = SwiftPolipostres;
		};
/* End PBXContainerItemProxy section */

/* Begin PBXFileReference section */
		FB7F90222EB646DB00091241 /* SwiftPolipostres.app */ = {isa = PBXFileReference; explicitFileType = wrapper.application; includeInIndex = 0; path = SwiftPolipostres.app; sourceTree = BUILT_PRODUCTS_DIR; };
		FB7F902F2EB646DD00091241 /* SwiftPolipostresTests.xctest */ = {isa = PBXFileReference; explicitFileType = wrapper.cfbundle; includeInIndex = 0; path = SwiftPolipostresTests.xctest; sourceTree = BUILT_PRODUCTS_DIR; };
		FB7F90392EB646DD00091241 /* SwiftPolipostresUITests.xctest */ = {isa = PBXFileReference; explicitFileType = wrapper.cfbundle; includeInIndex = 0; path = SwiftPolipostresUITests.xctest; sourceTree = BUILT_PRODUCTS_DIR; };
/* End PBXFileReference section */

/* Begin PBXFileSystemSynchronizedRootGroup section */
		FB7F90242EB646DB00091241 /* SwiftPolipostres */ = {
			isa = PBXFileSystemSynchronizedRootGroup;
			path = SwiftPolipostres;
			sourceTree = "<group>";
		};
		FB7F90322EB646DD00091241 /* SwiftPolipostresTests */ = {
			isa = PBXFileSystemSynchronizedRootGroup;
			path = SwiftPolipostresTests;
			sourceTree = "<group>";
		};
		FB7F903C2EB646DD00091241 /* SwiftPolipostresUITests */ = {
			isa = PBXFileSystemSynchronizedRootGroup;
			path = SwiftPolipostresUITests;
			sourceTree = "<group>";
		};
/* End PBXFileSystemSynchronizedRootGroup section */

/* Begin PBXFrameworksBuildPhase section */
		FB7F901F2EB646DB00091241 /* Frameworks */ = {
			isa = PBXFrameworksBuildPhase;
			buildActionMask = 2147483647;
			files = (
			);
			runOnlyForDeploymentPostprocessing = 0;
		};
		FB7F902C2EB646DD00091241 /* Frameworks */ = {
			isa = PBXFrameworksBuildPhase;
			buildActionMask = 2147483647;
			files = (
			);
			runOnlyForDeploymentPostprocessing = 0;
		};
		FB7F90362EB646DD00091241 /* Frameworks */ = {
			isa = PBXFrameworksBuildPhase;
			buildActionMask = 2147483647;
			files = (
			);
			runOnlyForDeploymentPostprocessing = 0;
		};
/* End PBXFrameworksBuildPhase section */

/* Begin PBXGroup section */
		FB7F90192EB646DB00091241 = {
			isa = PBXGroup;
			children = (
				FB7F90242EB646DB00091241 /* SwiftPolipostres */,
				FB7F90322EB646DD00091241 /* SwiftPolipostresTests */,
				FB7F903C2EB646DD00091241 /* SwiftPolipostresUITests */,
				FB7F90232EB646DB00091241 /* Products */,
			);
			sourceTree = "<group>";
		};
		FB7F90232EB646DB00091241 /* Products */ = {
			isa = PBXGroup;
			children = (
				FB7F90222EB646DB00091241 /* SwiftPolipostres.app */,
				FB7F902F2EB646DD00091241 /* SwiftPolipostresTests.xctest */,
				FB7F90392EB646DD00091241 /* SwiftPolipostresUITests.xctest */,
			);
			name = Products;
			sourceTree = "<group>";
		};
/* End PBXGroup section */

/* Begin PBXNativeTarget section */
		FB7F90212EB646DB00091241 /* SwiftPolipostres */ = {
			isa = PBXNativeTarget;
			buildConfigurationList = FB7F90432EB646DD00091241 /* Build configuration list for PBXNativeTarget "SwiftPolipostres" */;
			buildPhases = (
				FB7F901E2EB646DB00091241 /* Sources */,
				FB7F901F2EB646DB00091241 /* Frameworks */,
				FB7F90202EB646DB00091241 /* Resources */,
			);
			buildRules = (
			);
			dependencies = (
			);
			fileSystemSynchronizedGroups = (
				FB7F90242EB646DB00091241 /* SwiftPolipostres */,
			);
			name = SwiftPolipostres;
			packageProductDependencies = (
			);
			productName = SwiftPolipostres;
			productReference = FB7F90222EB646DB00091241 /* SwiftPolipostres.app */;
			productType = "com.apple.product-type.application";
		};
		FB7F902E2EB646DD00091241 /* SwiftPolipostresTests */ = {
			isa = PBXNativeTarget;
			buildConfigurationList = FB7F90462EB646DD00091241 /* Build configuration list for PBXNativeTarget "SwiftPolipostresTests" */;
			buildPhases = (
				FB7F902B2EB646DD00091241 /* Sources */,
				FB7F902C2EB646DD00091241 /* Frameworks */,
				FB7F902D2EB646DD00091241 /* Resources */,
			);
			buildRules = (
			);
			dependencies = (
				FB7F90312EB646DD00091241 /* PBXTargetDependency */,
			);
			fileSystemSynchronizedGroups = (
				FB7F90322EB646DD00091241 /* SwiftPolipostresTests */,
			);
			name = SwiftPolipostresTests;
			packageProductDependencies = (
			);
			productName = SwiftPolipostresTests;
			productReference = FB7F902F2EB646DD00091241 /* SwiftPolipostresTests.xctest */;
			productType = "com.apple.product-type.bundle.unit-test";
		};
		FB7F90382EB646DD00091241 /* SwiftPolipostresUITests */ = {
			isa = PBXNativeTarget;
			buildConfigurationList = FB7F90492EB646DD00091241 /* Build configuration list for PBXNativeTarget "SwiftPolipostresUITests" */;
			buildPhases = (
				FB7F90352EB646DD00091241 /* Sources */,
				FB7F90362EB646DD00091241 /* Frameworks */,
				FB7F90372EB646DD00091241 /* Resources */,
			);
			buildRules = (
			);
			dependencies = (
				FB7F903B2EB646DD00091241 /* PBXTargetDependency */,
			);
			fileSystemSynchronizedGroups = (
				FB7F903C2EB646DD00091241 /* SwiftPolipostresUITests */,
			);
			name = SwiftPolipostresUITests;
			packageProductDependencies = (
			);
			productName = SwiftPolipostresUITests;
			productReference = FB7F90392EB646DD00091241 /* SwiftPolipostresUITests.xctest */;
			productType = "com.apple.product-type.bundle.ui-testing";
		};
/* End PBXNativeTarget section */

/* Begin PBXProject section */
		FB7F901A2EB646DB00091241 /* Project object */ = {
			isa = PBXProject;
			attributes = {
				BuildIndependentTargetsInParallel = 1;
				LastSwiftUpdateCheck = 1640;
				LastUpgradeCheck = 2600;
				TargetAttributes = {
					FB7F90212EB646DB00091241 = {
						CreatedOnToolsVersion = 16.4;
					};
					FB7F902E2EB646DD00091241 = {
						CreatedOnToolsVersion = 16.4;
						TestTargetID = FB7F90212EB646DB00091241;
					};
					FB7F90382EB646DD00091241 = {
						CreatedOnToolsVersion = 16.4;
						TestTargetID = FB7F90212EB646DB00091241;
					};
				};
			};
			buildConfigurationList = FB7F901D2EB646DB00091241 /* Build configuration list for PBXProject "SwiftPolipostres" */;
			developmentRegion = en;
			hasScannedForEncodings = 0;
			knownRegions = (
				en,
				Base,
			);
			mainGroup = FB7F90192EB646DB00091241;
			minimizedProjectReferenceProxies = 1;
			preferredProjectObjectVersion = 77;
			productRefGroup = FB7F90232EB646DB00091241 /* Products */;
			projectDirPath = "";
			projectRoot = "";
			targets = (
				FB7F90212EB646DB00091241 /* SwiftPolipostres */,
				FB7F902E2EB646DD00091241 /* SwiftPolipostresTests */,
				FB7F90382EB646DD00091241 /* SwiftPolipostresUITests */,
			);
		};
/* End PBXProject section */

/* Begin PBXResourcesBuildPhase section */
		FB7F90202EB646DB00091241 /* Resources */ = {
			isa = PBXResourcesBuildPhase;
			buildActionMask = 2147483647;
			files = (
			);
			runOnlyForDeploymentPostprocessing = 0;
		};
		FB7F902D2EB646DD00091241 /* Resources */ = {
			isa = PBXResourcesBuildPhase;
			buildActionMask = 2147483647;
			files = (
			);
			runOnlyForDeploymentPostprocessing = 0;
		};
		FB7F90372EB646DD00091241 /* Resources */ = {
			isa = PBXResourcesBuildPhase;
			buildActionMask = 2147483647;
			files = (
			);
			runOnlyForDeploymentPostprocessing = 0;
		};
/* End PBXResourcesBuildPhase section */

/* Begin PBXSourcesBuildPhase section */
		FB7F901E2EB646DB00091241 /* Sources */ = {
			isa = PBXSourcesBuildPhase;
			buildActionMask = 2147483647;
			files = (
			);
			runOnlyForDeploymentPostprocessing = 0;
		};
		FB7F902B2EB646DD00091241 /* Sources */ = {
			isa = PBXSourcesBuildPhase;
			buildActionMask = 2147483647;
			files = (
			);
			runOnlyForDeploymentPostprocessing = 0;
		};
		FB7F90352EB646DD00091241 /* Sources */ = {
			isa = PBXSourcesBuildPhase;
			buildActionMask = 2147483647;
			files = (
			);
			runOnlyForDeploymentPostprocessing = 0;
		};
/* End PBXSourcesBuildPhase section */

/* Begin PBXTargetDependency section */
		FB7F90312EB646DD00091241 /* PBXTargetDependency */ = {
			isa = PBXTargetDependency;
			target = FB7F90212EB646DB00091241 /* SwiftPolipostres */;
			targetProxy = FB7F90302EB646DD00091241 /* PBXContainerItemProxy */;
		};
		FB7F903B2EB646DD00091241 /* PBXTargetDependency */ = {
			isa = PBXTargetDependency;
			target = FB7F90212EB646DB00091241 /* SwiftPolipostres */;
			targetProxy = FB7F903A2EB646DD00091241 /* PBXContainerItemProxy */;
		};
/* End PBXTargetDependency section */

/* Begin XCBuildConfiguration section */
		FB7F90412EB646DD00091241 /* Debug */ = {
			isa = XCBuildConfiguration;
			buildSettings = {
				ALWAYS_SEARCH_USER_PATHS = NO;
				ASSETCATALOG_COMPILER_GENERATE_SWIFT_ASSET_SYMBOL_EXTENSIONS = YES;
				CLANG_ANALYZER_NONNULL = YES;
				CLANG_ANALYZER_NUMBER_OBJECT_CONVERSION = YES_AGGRESSIVE;
				CLANG_CXX_LANGUAGE_STANDARD = "gnu++20";
				CLANG_ENABLE_MODULES = YES;
				CLANG_ENABLE_OBJC_ARC = YES;
				CLANG_ENABLE_OBJC_WEAK = YES;
				CLANG_WARN_BLOCK_CAPTURE_AUTORELEASING = YES;
				CLANG_WARN_BOOL_CONVERSION = YES;
				CLANG_WARN_COMMA = YES;
				CLANG_WARN_CONSTANT_CONVERSION = YES;
				CLANG_WARN_DEPRECATED_OBJC_IMPLEMENTATIONS = YES;
				CLANG_WARN_DIRECT_OBJC_ISA_USAGE = YES_ERROR;
				CLANG_WARN_DOCUMENTATION_COMMENTS = YES;
				CLANG_WARN_EMPTY_BODY = YES;
				CLANG_WARN_ENUM_CONVERSION = YES;
				CLANG_WARN_INFINITE_RECURSION = YES;
				CLANG_WARN_INT_CONVERSION = YES;
				CLANG_WARN_NON_LITERAL_NULL_CONVERSION = YES;
				CLANG_WARN_OBJC_IMPLICIT_RETAIN_SELF = YES;
				CLANG_WARN_OBJC_LITERAL_CONVERSION = YES;
				CLANG_WARN_OBJC_ROOT_CLASS = YES_ERROR;
				CLANG_WARN_QUOTED_INCLUDE_IN_FRAMEWORK_HEADER = YES;
				CLANG_WARN_RANGE_LOOP_ANALYSIS = YES;
				CLANG_WARN_STRICT_PROTOTYPES = YES;
				CLANG_WARN_SUSPICIOUS_MOVE = YES;
				CLANG_WARN_UNGUARDED_AVAILABILITY = YES_AGGRESSIVE;
				CLANG_WARN_UNREACHABLE_CODE = YES;
				CLANG_WARN__DUPLICATE_METHOD_MATCH = YES;
				COPY_PHASE_STRIP = NO;
				DEBUG_INFORMATION_FORMAT = dwarf;
				ENABLE_STRICT_OBJC_MSGSEND = YES;
				ENABLE_TESTABILITY = YES;
				ENABLE_USER_SCRIPT_SANDBOXING = YES;
				GCC_C_LANGUAGE_STANDARD = gnu17;
				GCC_DYNAMIC_NO_PIC = NO;
				GCC_NO_COMMON_BLOCKS = YES;
				GCC_OPTIMIZATION_LEVEL = 0;
				GCC_PREPROCESSOR_DEFINITIONS = (
					"DEBUG=1",
					"$(inherited)",
				);
				GCC_WARN_64_TO_32_BIT_CONVERSION = YES;
				GCC_WARN_ABOUT_RETURN_TYPE = YES_ERROR;
				GCC_WARN_UNDECLARED_SELECTOR = YES;
				GCC_WARN_UNINITIALIZED_AUTOS = YES_AGGRESSIVE;
				GCC_WARN_UNUSED_FUNCTION = YES;
				GCC_WARN_UNUSED_VARIABLE = YES;
				IPHONEOS_DEPLOYMENT_TARGET = 18.5;
				LOCALIZATION_PREFERS_STRING_CATALOGS = YES;
				MTL_ENABLE_DEBUG_INFO = INCLUDE_SOURCE;
				MTL_FAST_MATH = YES;
				ONLY_ACTIVE_ARCH = YES;
				SDKROOT = iphoneos;
				STRING_CATALOG_GENERATE_SYMBOLS = YES;
				SWIFT_ACTIVE_COMPILATION_CONDITIONS = "DEBUG $(inherited)";
				SWIFT_OPTIMIZATION_LEVEL = "-Onone";
			};
			name = Debug;
		};
		FB7F90422EB646DD00091241 /* Release */ = {
			isa = XCBuildConfiguration;
			buildSettings = {
				ALWAYS_SEARCH_USER_PATHS = NO;
				ASSETCATALOG_COMPILER_GENERATE_SWIFT_ASSET_SYMBOL_EXTENSIONS = YES;
				CLANG_ANALYZER_NONNULL = YES;
				CLANG_ANALYZER_NUMBER_OBJECT_CONVERSION = YES_AGGRESSIVE;
				CLANG_CXX_LANGUAGE_STANDARD = "gnu++20";
				CLANG_ENABLE_MODULES = YES;
				CLANG_ENABLE_OBJC_ARC = YES;
				CLANG_ENABLE_OBJC_WEAK = YES;
				CLANG_WARN_BLOCK_CAPTURE_AUTORELEASING = YES;
				CLANG_WARN_BOOL_CONVERSION = YES;
				CLANG_WARN_COMMA = YES;
				CLANG_WARN_CONSTANT_CONVERSION = YES;
				CLANG_WARN_DEPRECATED_OBJC_IMPLEMENTATIONS = YES;
				CLANG_WARN_DIRECT_OBJC_ISA_USAGE = YES_ERROR;
				CLANG_WARN_DOCUMENTATION_COMMENTS = YES;
				CLANG_WARN_EMPTY_BODY = YES;
				CLANG_WARN_ENUM_CONVERSION = YES;
				CLANG_WARN_INFINITE_RECURSION = YES;
				CLANG_WARN_INT_CONVERSION = YES;
				CLANG_WARN_NON_LITERAL_NULL_CONVERSION = YES;
				CLANG_WARN_OBJC_IMPLICIT_RETAIN_SELF = YES;
				CLANG_WARN_OBJC_LITERAL_CONVERSION = YES;
				CLANG_WARN_OBJC_ROOT_CLASS = YES_ERROR;
				CLANG_WARN_QUOTED_INCLUDE_IN_FRAMEWORK_HEADER = YES;
				CLANG_WARN_RANGE_LOOP_ANALYSIS = YES;
				CLANG_WARN_STRICT_PROTOTYPES = YES;
				CLANG_WARN_SUSPICIOUS_MOVE = YES;
				CLANG_WARN_UNGUARDED_AVAILABILITY = YES_AGGRESSIVE;
				CLANG_WARN_UNREACHABLE_CODE = YES;
				CLANG_WARN__DUPLICATE_METHOD_MATCH = YES;
				COPY_PHASE_STRIP = NO;
				DEBUG_INFORMATION_FORMAT = "dwarf-with-dsym";
				ENABLE_NS_ASSERTIONS = NO;
				ENABLE_STRICT_OBJC_MSGSEND = YES;
				ENABLE_USER_SCRIPT_SANDBOXING = YES;
				GCC_C_LANGUAGE_STANDARD = gnu17;
				GCC_NO_COMMON_BLOCKS = YES;
				GCC_WARN_64_TO_32_BIT_CONVERSION = YES;
				GCC_WARN_ABOUT_RETURN_TYPE = YES_ERROR;
				GCC_WARN_UNDECLARED_SELECTOR = YES;
				GCC_WARN_UNINITIALIZED_AUTOS = YES_AGGRESSIVE;
				GCC_WARN_UNUSED_FUNCTION = YES;
				GCC_WARN_UNUSED_VARIABLE = YES;
				IPHONEOS_DEPLOYMENT_TARGET = 18.5;
				LOCALIZATION_PREFERS_STRING_CATALOGS = YES;
				MTL_ENABLE_DEBUG_INFO = NO;
				MTL_FAST_MATH = YES;
				SDKROOT = iphoneos;
				STRING_CATALOG_GENERATE_SYMBOLS = YES;
				SWIFT_COMPILATION_MODE = wholemodule;
				VALIDATE_PRODUCT = YES;
			};
			name = Release;
		};
		FB7F90442EB646DD00091241 /* Debug */ = {
			isa = XCBuildConfiguration;
			buildSettings = {
				ASSETCATALOG_COMPILER_APPICON_NAME = AppIcon;
				ASSETCATALOG_COMPILER_GLOBAL_ACCENT_COLOR_NAME = AccentColor;
				CODE_SIGN_STYLE = Automatic;
				CURRENT_PROJECT_VERSION = 1;
				ENABLE_PREVIEWS = YES;
				GENERATE_INFOPLIST_FILE = YES;
				INFOPLIST_KEY_UIApplicationSceneManifest_Generation = YES;
				INFOPLIST_KEY_UIApplicationSupportsIndirectInputEvents = YES;
				INFOPLIST_KEY_UILaunchScreen_Generation = YES;
				INFOPLIST_KEY_UISupportedInterfaceOrientations_iPad = "UIInterfaceOrientationPortrait UIInterfaceOrientationPortraitUpsideDown UIInterfaceOrientationLandscapeLeft UIInterfaceOrientationLandscapeRight";
				INFOPLIST_KEY_UISupportedInterfaceOrientations_iPhone = "UIInterfaceOrientationPortrait UIInterfaceOrientationLandscapeLeft UIInterfaceOrientationLandscapeRight";
				LD_RUNPATH_SEARCH_PATHS = (
					"$(inherited)",
					"@executable_path/Frameworks",
				);
				MARKETING_VERSION = 1.0;
				PRODUCT_BUNDLE_IDENTIFIER = edu.unicauca.aplimovil.SwiftPolipostres;
				PRODUCT_NAME = "$(TARGET_NAME)";
				SWIFT_EMIT_LOC_STRINGS = YES;
				SWIFT_VERSION = 5.0;
				TARGETED_DEVICE_FAMILY = "1,2";
			};
			name = Debug;
		};
		FB7F90452EB646DD00091241 /* Release */ = {
			isa = XCBuildConfiguration;
			buildSettings = {
				ASSETCATALOG_COMPILER_APPICON_NAME = AppIcon;
				ASSETCATALOG_COMPILER_GLOBAL_ACCENT_COLOR_NAME = AccentColor;
				CODE_SIGN_STYLE = Automatic;
				CURRENT_PROJECT_VERSION = 1;
				ENABLE_PREVIEWS = YES;
				GENERATE_INFOPLIST_FILE = YES;
				INFOPLIST_KEY_UIApplicationSceneManifest_Generation = YES;
				INFOPLIST_KEY_UIApplicationSupportsIndirectInputEvents = YES;
				INFOPLIST_KEY_UILaunchScreen_Generation = YES;
				INFOPLIST_KEY_UISupportedInterfaceOrientations_iPad = "UIInterfaceOrientationPortrait UIInterfaceOrientationPortraitUpsideDown UIInterfaceOrientationLandscapeLeft UIInterfaceOrientationLandscapeRight";
				INFOPLIST_KEY_UISupportedInterfaceOrientations_iPhone = "UIInterfaceOrientationPortrait UIInterfaceOrientationLandscapeLeft UIInterfaceOrientationLandscapeRight";
				LD_RUNPATH_SEARCH_PATHS = (
					"$(inherited)",
					"@executable_path/Frameworks",
				);
				MARKETING_VERSION = 1.0;
				PRODUCT_BUNDLE_IDENTIFIER = edu.unicauca.aplimovil.SwiftPolipostres;
				PRODUCT_NAME = "$(TARGET_NAME)";
				SWIFT_EMIT_LOC_STRINGS = YES;
				SWIFT_VERSION = 5.0;
				TARGETED_DEVICE_FAMILY = "1,2";
			};
			name = Release;
		};
		FB7F90472EB646DD00091241 /* Debug */ = {
			isa = XCBuildConfiguration;
			buildSettings = {
				BUNDLE_LOADER = "$(TEST_HOST)";
				CODE_SIGN_STYLE = Automatic;
				CURRENT_PROJECT_VERSION = 1;
				GENERATE_INFOPLIST_FILE = YES;
				IPHONEOS_DEPLOYMENT_TARGET = 18.5;
				MARKETING_VERSION = 1.0;
				PRODUCT_BUNDLE_IDENTIFIER = edu.unicauca.aplimovil.SwiftPolipostresTests;
				PRODUCT_NAME = "$(TARGET_NAME)";
				SWIFT_EMIT_LOC_STRINGS = NO;
				SWIFT_VERSION = 5.0;
				TARGETED_DEVICE_FAMILY = "1,2";
				TEST_HOST = "$(BUILT_PRODUCTS_DIR)/SwiftPolipostres.app/$(BUNDLE_EXECUTABLE_FOLDER_PATH)/SwiftPolipostres";
			};
			name = Debug;
		};
		FB7F90482EB646DD00091241 /* Release */ = {
			isa = XCBuildConfiguration;
			buildSettings = {
				BUNDLE_LOADER = "$(TEST_HOST)";
				CODE_SIGN_STYLE = Automatic;
				CURRENT_PROJECT_VERSION = 1;
				GENERATE_INFOPLIST_FILE = YES;
				IPHONEOS_DEPLOYMENT_TARGET = 18.5;
				MARKETING_VERSION = 1.0;
				PRODUCT_BUNDLE_IDENTIFIER = edu.unicauca.aplimovil.SwiftPolipostresTests;
				PRODUCT_NAME = "$(TARGET_NAME)";
				SWIFT_EMIT_LOC_STRINGS = NO;
				SWIFT_VERSION = 5.0;
				TARGETED_DEVICE_FAMILY = "1,2";
				TEST_HOST = "$(BUILT_PRODUCTS_DIR)/SwiftPolipostres.app/$(BUNDLE_EXECUTABLE_FOLDER_PATH)/SwiftPolipostres";
			};
			name = Release;
		};
		FB7F904A2EB646DD00091241 /* Debug */ = {
			isa = XCBuildConfiguration;
			buildSettings = {
				CODE_SIGN_STYLE = Automatic;
				CURRENT_PROJECT_VERSION = 1;
				GENERATE_INFOPLIST_FILE = YES;
				MARKETING_VERSION = 1.0;
				PRODUCT_BUNDLE_IDENTIFIER = edu.unicauca.aplimovil.SwiftPolipostresUITests;
				PRODUCT_NAME = "$(TARGET_NAME)";
				SWIFT_EMIT_LOC_STRINGS = NO;
				SWIFT_VERSION = 5.0;
				TARGETED_DEVICE_FAMILY = "1,2";
				TEST_TARGET_NAME = SwiftPolipostres;
			};
			name = Debug;
		};
		FB7F904B2EB646DD00091241 /* Release */ = {
			isa = XCBuildConfiguration;
			buildSettings = {
				CODE_SIGN_STYLE = Automatic;
				CURRENT_PROJECT_VERSION = 1;
				GENERATE_INFOPLIST_FILE = YES;
				MARKETING_VERSION = 1.0;
				PRODUCT_BUNDLE_IDENTIFIER = edu.unicauca.aplimovil.SwiftPolipostresUITests;
				PRODUCT_NAME = "$(TARGET_NAME)";
				SWIFT_EMIT_LOC_STRINGS = NO;
				SWIFT_VERSION = 5.0;
				TARGETED_DEVICE_FAMILY = "1,2";
				TEST_TARGET_NAME = SwiftPolipostres;
			};
			name = Release;
		};
/* End XCBuildConfiguration section */

/* Begin XCConfigurationList section */
		FB7F901D2EB646DB00091241 /* Build configuration list for PBXProject "SwiftPolipostres" */ = {
			isa = XCConfigurationList;
			buildConfigurations = (
				FB7F90412EB646DD00091241 /* Debug */,
				FB7F90422EB646DD00091241 /* Release */,
			);
			defaultConfigurationIsVisible = 0;
			defaultConfigurationName = Release;
		};
		FB7F90432EB646DD00091241 /* Build configuration list for PBXNativeTarget "SwiftPolipostres" */ = {
			isa = XCConfigurationList;
			buildConfigurations = (
				FB7F90442EB646DD00091241 /* Debug */,
				FB7F90452EB646DD00091241 /* Release */,
			);
			defaultConfigurationIsVisible = 0;
			defaultConfigurationName = Release;
		};
		FB7F90462EB646DD00091241 /* Build configuration list for PBXNativeTarget "SwiftPolipostresTests" */ = {
			isa = XCConfigurationList;
			buildConfigurations = (
				FB7F90472EB646DD00091241 /* Debug */,
				FB7F90482EB646DD00091241 /* Release */,
			);
			defaultConfigurationIsVisible = 0;
			defaultConfigurationName = Release;
		};
		FB7F90492EB646DD00091241 /* Build configuration list for PBXNativeTarget "SwiftPolipostresUITests" */ = {
			isa = XCConfigurationList;
			buildConfigurations = (
				FB7F904A2EB646DD00091241 /* Debug */,
				FB7F904B2EB646DD00091241 /* Release */,
			);
			defaultConfigurationIsVisible = 0;
			defaultConfigurationName = Release;
		};
/* End XCConfigurationList section */
	};
	rootObject = FB7F901A2EB646DB00091241 /* Project object */;
}
